
Microsoft Visual Studio Solution File, Format Version 12.00
# Visual Studio Version 16
VisualStudioVersion = 16.0.31005.135
MinimumVisualStudioVersion = 10.0.40219.1
Project("{9A19103F-16F7-4668-BE54-9A1E7A4F7556}") = "WPLWebApiTeam13", "WPLWebApiTeam13\WPLWebApiTeam13.csproj", "{586BE1CA-ED90-4AFF-AA4E-3CF45B9AF422}"
EndProject
Project("{FAE04EC0-301F-11D3-BF4B-00C04F79EFBC}") = "WpfWebshopTeam13", "WpfWebshopTeam13\WpfWebshopTeam13.csproj", "{996898AD-2B41-441A-92C2-B532A3B805B4}"
EndProject
Project("{FAE04EC0-301F-11D3-BF4B-00C04F79EFBC}") = "WPLClassLibraryTeam13", "WPLClassLibraryTeam13\WPLClassLibraryTeam13.csproj", "{B7321C3E-9524-4156-975B-4F94A576AABB}"
EndProject
Global
	GlobalSection(SolutionConfigurationPlatforms) = preSolution
		Debug|Any CPU = Debug|Any CPU
		Release|Any CPU = Release|Any CPU
	EndGlobalSection
	GlobalSection(ProjectConfigurationPlatforms) = postSolution
		{586BE1CA-ED90-4AFF-AA4E-3CF45B9AF422}.Debug|Any CPU.ActiveCfg = Debug|Any CPU
		{586BE1CA-ED90-4AFF-AA4E-3CF45B9AF422}.Debug|Any CPU.Build.0 = Debug|Any CPU
		{586BE1CA-ED90-4AFF-AA4E-3CF45B9AF422}.Release|Any CPU.ActiveCfg = Release|Any CPU
		{586BE1CA-ED90-4AFF-AA4E-3CF45B9AF422}.Release|Any CPU.Build.0 = Release|Any CPU
		{996898AD-2B41-441A-92C2-B532A3B805B4}.Debug|Any CPU.ActiveCfg = Debug|Any CPU
		{996898AD-2B41-441A-92C2-B532A3B805B4}.Debug|Any CPU.Build.0 = Debug|Any CPU
		{996898AD-2B41-441A-92C2-B532A3B805B4}.Release|Any CPU.ActiveCfg = Release|Any CPU
		{996898AD-2B41-441A-92C2-B532A3B805B4}.Release|Any CPU.Build.0 = Release|Any CPU
		{B7321C3E-9524-4156-975B-4F94A576AABB}.Debug|Any CPU.ActiveCfg = Debug|Any CPU
		{B7321C3E-9524-4156-975B-4F94A576AABB}.Debug|Any CPU.Build.0 = Debug|Any CPU
		{B7321C3E-9524-4156-975B-4F94A576AABB}.Release|Any CPU.ActiveCfg = Release|Any CPU
		{B7321C3E-9524-4156-975B-4F94A576AABB}.Release|Any CPU.Build.0 = Release|Any CPU
	EndGlobalSection
	GlobalSection(SolutionProperties) = preSolution
		HideSolutionNode = FALSE
	EndGlobalSection
	GlobalSection(ExtensibilityGlobals) = postSolution
		SolutionGuid = {C482E342-9134-4600-966C-5DC04BED0A27}
	EndGlobalSection
EndGlobal
